
Microsoft Visual Studio Solution File, Format Version 12.00
# Visual Studio Version 16
VisualStudioVersion = 16.0.31005.135
MinimumVisualStudioVersion = 10.0.40219.1
Project("{FAE04EC0-301F-11D3-BF4B-00C04F79EFBC}") = "Meu primeiro prj", "..\Meu primeiro prj\Meu primeiro prj\Meu primeiro prj.csproj", "{3916104C-4443-4A16-A6D0-8FB1F632F0FD}"
EndProject
Global
	GlobalSection(SolutionConfigurationPlatforms) = preSolution
		Debug|Any CPU = Debug|Any CPU
		Release|Any CPU = Release|Any CPU
	EndGlobalSection
	GlobalSection(ProjectConfigurationPlatforms) = postSolution
		{3916104C-4443-4A16-A6D0-8FB1F632F0FD}.Debug|Any CPU.ActiveCfg = Debug|Any CPU
		{3916104C-4443-4A16-A6D0-8FB1F632F0FD}.Debug|Any CPU.Build.0 = Debug|Any CPU
		{3916104C-4443-4A16-A6D0-8FB1F632F0FD}.Release|Any CPU.ActiveCfg = Release|Any CPU
		{3916104C-4443-4A16-A6D0-8FB1F632F0FD}.Release|Any CPU.Build.0 = Release|Any CPU
	EndGlobalSection
	GlobalSection(SolutionProperties) = preSolution
		HideSolutionNode = FALSE
	EndGlobalSection
	GlobalSection(ExtensibilityGlobals) = postSolution
		SolutionGuid = {712FFABF-83AD-4530-A753-215B48E7BBEF}
	EndGlobalSection
EndGlobal
